
Microsoft Visual Studio Solution File, Format Version 11.00
# Visual Studio 2010
Project("{FAE04EC0-301F-11D3-BF4B-00C04F79EFBC}") = "Assembly-CSharp", "Assembly-CSharp.csproj", "{301e20ce-c399-9cfc-2bef-4b3a94ef91a7}"
EndProject
Project("{FAE04EC0-301F-11D3-BF4B-00C04F79EFBC}") = "Assembly-CSharp-Editor", "Assembly-CSharp-Editor.csproj", "{17aa7be3-09cb-2cd6-b572-2661c47a7fc8}"
EndProject
Global
	GlobalSection(SolutionConfigurationPlatforms) = preSolution
		Debug|Any CPU = Debug|Any CPU
	EndGlobalSection
	GlobalSection(ProjectConfigurationPlatforms) = postSolution
		{301e20ce-c399-9cfc-2bef-4b3a94ef91a7}.Debug|Any CPU.ActiveCfg = Debug|Any CPU
		{301e20ce-c399-9cfc-2bef-4b3a94ef91a7}.Debug|Any CPU.Build.0 = Debug|Any CPU
		{17aa7be3-09cb-2cd6-b572-2661c47a7fc8}.Debug|Any CPU.ActiveCfg = Debug|Any CPU
		{17aa7be3-09cb-2cd6-b572-2661c47a7fc8}.Debug|Any CPU.Build.0 = Debug|Any CPU
	EndGlobalSection
	GlobalSection(SolutionProperties) = preSolution
		HideSolutionNode = FALSE
	EndGlobalSection
EndGlobal
